// !$*UTF8*$!
{
	archiveVersion = 1;
	classes = {
	};
	objectVersion = 50;
	objects = {

/* Begin PBXBuildFile section */
		AACC4CE126B84D02007E2B19 /* AppDelegate.swift in Sources */ = {isa = PBXBuildFile; fileRef = AACC4CE026B84D02007E2B19 /* AppDelegate.swift */; };
		AACC4CE326B84D02007E2B19 /* SceneDelegate.swift in Sources */ = {isa = PBXBuildFile; fileRef = AACC4CE226B84D02007E2B19 /* SceneDelegate.swift */; };
		AACC4CE826B84D02007E2B19 /* Main.storyboard in Resources */ = {isa = PBXBuildFile; fileRef = AACC4CE626B84D02007E2B19 /* Main.storyboard */; };
		AACC4CEA26B84D06007E2B19 /* Assets.xcassets in Resources */ = {isa = PBXBuildFile; fileRef = AACC4CE926B84D06007E2B19 /* Assets.xcassets */; };
		AACC4CED26B84D06007E2B19 /* LaunchScreen.storyboard in Resources */ = {isa = PBXBuildFile; fileRef = AACC4CEB26B84D06007E2B19 /* LaunchScreen.storyboard */; };
		AACC4CF926B9D164007E2B19 /* MusicTableViewController.swift in Sources */ = {isa = PBXBuildFile; fileRef = AACC4CF826B9D164007E2B19 /* MusicTableViewController.swift */; };
		AACC4CFB26B9D177007E2B19 /* MovieTableViewController.swift in Sources */ = {isa = PBXBuildFile; fileRef = AACC4CFA26B9D177007E2B19 /* MovieTableViewController.swift */; };
		AACC4CFD26B9DDDA007E2B19 /* Song.swift in Sources */ = {isa = PBXBuildFile; fileRef = AACC4CFC26B9DDDA007E2B19 /* Song.swift */; };
		AACC4CFF26B9DF2D007E2B19 /* DataManager.swift in Sources */ = {isa = PBXBuildFile; fileRef = AACC4CFE26B9DF2D007E2B19 /* DataManager.swift */; };
		AACC4D0126BA4BE0007E2B19 /* DetailMusicViewController.swift in Sources */ = {isa = PBXBuildFile; fileRef = AACC4D0026BA4BE0007E2B19 /* DetailMusicViewController.swift */; };
		AACC4D0326BAC987007E2B19 /* MovieTableViewCell.swift in Sources */ = {isa = PBXBuildFile; fileRef = AACC4D0226BAC987007E2B19 /* MovieTableViewCell.swift */; };
		AACC4D0526BC4C41007E2B19 /* Movie.swift in Sources */ = {isa = PBXBuildFile; fileRef = AACC4D0426BC4C41007E2B19 /* Movie.swift */; };
		AACC4D0926BD493B007E2B19 /* DetailMovieViewController.swift in Sources */ = {isa = PBXBuildFile; fileRef = AACC4D0826BD493B007E2B19 /* DetailMovieViewController.swift */; };
/* End PBXBuildFile section */

/* Begin PBXFileReference section */
		AACC4CDD26B84D02007E2B19 /* TableList.app */ = {isa = PBXFileReference; explicitFileType = wrapper.application; includeInIndex = 0; path = TableList.app; sourceTree = BUILT_PRODUCTS_DIR; };
		AACC4CE026B84D02007E2B19 /* AppDelegate.swift */ = {isa = PBXFileReference; lastKnownFileType = sourcecode.swift; path = AppDelegate.swift; sourceTree = "<group>"; };
		AACC4CE226B84D02007E2B19 /* SceneDelegate.swift */ = {isa = PBXFileReference; lastKnownFileType = sourcecode.swift; path = SceneDelegate.swift; sourceTree = "<group>"; };
		AACC4CE726B84D02007E2B19 /* Base */ = {isa = PBXFileReference; lastKnownFileType = file.storyboard; name = Base; path = Base.lproj/Main.storyboard; sourceTree = "<group>"; };
		AACC4CE926B84D06007E2B19 /* Assets.xcassets */ = {isa = PBXFileReference; lastKnownFileType = folder.assetcatalog; path = Assets.xcassets; sourceTree = "<group>"; };
		AACC4CEC26B84D06007E2B19 /* Base */ = {isa = PBXFileReference; lastKnownFileType = file.storyboard; name = Base; path = Base.lproj/LaunchScreen.storyboard; sourceTree = "<group>"; };
		AACC4CEE26B84D06007E2B19 /* Info.plist */ = {isa = PBXFileReference; lastKnownFileType = text.plist.xml; path = Info.plist; sourceTree = "<group>"; };
		AACC4CF826B9D164007E2B19 /* MusicTableViewController.swift */ = {isa = PBXFileReference; lastKnownFileType = sourcecode.swift; path = MusicTableViewController.swift; sourceTree = "<group>"; };
		AACC4CFA26B9D177007E2B19 /* MovieTableViewController.swift */ = {isa = PBXFileReference; lastKnownFileType = sourcecode.swift; path = MovieTableViewController.swift; sourceTree = "<group>"; };
		AACC4CFC26B9DDDA007E2B19 /* Song.swift */ = {isa = PBXFileReference; lastKnownFileType = sourcecode.swift; path = Song.swift; sourceTree = "<group>"; };
		AACC4CFE26B9DF2D007E2B19 /* DataManager.swift */ = {isa = PBXFileReference; lastKnownFileType = sourcecode.swift; path = DataManager.swift; sourceTree = "<group>"; };
		AACC4D0026BA4BE0007E2B19 /* DetailMusicViewController.swift */ = {isa = PBXFileReference; lastKnownFileType = sourcecode.swift; path = DetailMusicViewController.swift; sourceTree = "<group>"; };
		AACC4D0226BAC987007E2B19 /* MovieTableViewCell.swift */ = {isa = PBXFileReference; lastKnownFileType = sourcecode.swift; path = MovieTableViewCell.swift; sourceTree = "<group>"; };
		AACC4D0426BC4C41007E2B19 /* Movie.swift */ = {isa = PBXFileReference; lastKnownFileType = sourcecode.swift; path = Movie.swift; sourceTree = "<group>"; };
		AACC4D0826BD493B007E2B19 /* DetailMovieViewController.swift */ = {isa = PBXFileReference; lastKnownFileType = sourcecode.swift; path = DetailMovieViewController.swift; sourceTree = "<group>"; };
/* End PBXFileReference section */

/* Begin PBXFrameworksBuildPhase section */
		AACC4CDA26B84D02007E2B19 /* Frameworks */ = {
			isa = PBXFrameworksBuildPhase;
			buildActionMask = 2147483647;
			files = (
			);
			runOnlyForDeploymentPostprocessing = 0;
		};
/* End PBXFrameworksBuildPhase section */

/* Begin PBXGroup section */
		AACC4CD426B84D02007E2B19 = {
			isa = PBXGroup;
			children = (
				AACC4CDF26B84D02007E2B19 /* TableList */,
				AACC4CDE26B84D02007E2B19 /* Products */,
			);
			sourceTree = "<group>";
		};
		AACC4CDE26B84D02007E2B19 /* Products */ = {
			isa = PBXGroup;
			children = (
				AACC4CDD26B84D02007E2B19 /* TableList.app */,
			);
			name = Products;
			sourceTree = "<group>";
		};
		AACC4CDF26B84D02007E2B19 /* TableList */ = {
			isa = PBXGroup;
			children = (
				AACC4CF426B84D18007E2B19 /* AppDelegate */,
				AACC4CF726B84D5D007E2B19 /* Model */,
				AACC4CF626B84D4D007E2B19 /* View */,
				AACC4CF526B84D26007E2B19 /* Controller */,
				AACC4CE926B84D06007E2B19 /* Assets.xcassets */,
				AACC4CEE26B84D06007E2B19 /* Info.plist */,
			);
			path = TableList;
			sourceTree = "<group>";
		};
		AACC4CF426B84D18007E2B19 /* AppDelegate */ = {
			isa = PBXGroup;
			children = (
				AACC4CE226B84D02007E2B19 /* SceneDelegate.swift */,
				AACC4CE026B84D02007E2B19 /* AppDelegate.swift */,
			);
			path = AppDelegate;
			sourceTree = "<group>";
		};
		AACC4CF526B84D26007E2B19 /* Controller */ = {
			isa = PBXGroup;
			children = (
				AACC4CF826B9D164007E2B19 /* MusicTableViewController.swift */,
				AACC4D0026BA4BE0007E2B19 /* DetailMusicViewController.swift */,
				AACC4CFA26B9D177007E2B19 /* MovieTableViewController.swift */,
				AACC4D0226BAC987007E2B19 /* MovieTableViewCell.swift */,
				AACC4D0826BD493B007E2B19 /* DetailMovieViewController.swift */,
			);
			path = Controller;
			sourceTree = "<group>";
		};
		AACC4CF626B84D4D007E2B19 /* View */ = {
			isa = PBXGroup;
			children = (
				AACC4CEB26B84D06007E2B19 /* LaunchScreen.storyboard */,
				AACC4CE626B84D02007E2B19 /* Main.storyboard */,
			);
			path = View;
			sourceTree = "<group>";
		};
		AACC4CF726B84D5D007E2B19 /* Model */ = {
			isa = PBXGroup;
			children = (
				AACC4CFC26B9DDDA007E2B19 /* Song.swift */,
				AACC4CFE26B9DF2D007E2B19 /* DataManager.swift */,
				AACC4D0426BC4C41007E2B19 /* Movie.swift */,
			);
			path = Model;
			sourceTree = "<group>";
		};
/* End PBXGroup section */

/* Begin PBXNativeTarget section */
		AACC4CDC26B84D02007E2B19 /* TableList */ = {
			isa = PBXNativeTarget;
			buildConfigurationList = AACC4CF126B84D06007E2B19 /* Build configuration list for PBXNativeTarget "TableList" */;
			buildPhases = (
				AACC4CD926B84D02007E2B19 /* Sources */,
				AACC4CDA26B84D02007E2B19 /* Frameworks */,
				AACC4CDB26B84D02007E2B19 /* Resources */,
			);
			buildRules = (
			);
			dependencies = (
			);
			name = TableList;
			productName = TableList;
			productReference = AACC4CDD26B84D02007E2B19 /* TableList.app */;
			productType = "com.apple.product-type.application";
		};
/* End PBXNativeTarget section */

/* Begin PBXProject section */
		AACC4CD526B84D02007E2B19 /* Project object */ = {
			isa = PBXProject;
			attributes = {
				LastSwiftUpdateCheck = 1250;
				LastUpgradeCheck = 1250;
				TargetAttributes = {
					AACC4CDC26B84D02007E2B19 = {
						CreatedOnToolsVersion = 12.5.1;
					};
				};
			};
			buildConfigurationList = AACC4CD826B84D02007E2B19 /* Build configuration list for PBXProject "TableList" */;
			compatibilityVersion = "Xcode 9.3";
			developmentRegion = en;
			hasScannedForEncodings = 0;
			knownRegions = (
				en,
				Base,
			);
			mainGroup = AACC4CD426B84D02007E2B19;
			productRefGroup = AACC4CDE26B84D02007E2B19 /* Products */;
			projectDirPath = "";
			projectRoot = "";
			targets = (
				AACC4CDC26B84D02007E2B19 /* TableList */,
			);
		};
/* End PBXProject section */

/* Begin PBXResourcesBuildPhase section */
		AACC4CDB26B84D02007E2B19 /* Resources */ = {
			isa = PBXResourcesBuildPhase;
			buildActionMask = 2147483647;
			files = (
				AACC4CED26B84D06007E2B19 /* LaunchScreen.storyboard in Resources */,
				AACC4CEA26B84D06007E2B19 /* Assets.xcassets in Resources */,
				AACC4CE826B84D02007E2B19 /* Main.storyboard in Resources */,
			);
			runOnlyForDeploymentPostprocessing = 0;
		};
/* End PBXResourcesBuildPhase section */

/* Begin PBXSourcesBuildPhase section */
		AACC4CD926B84D02007E2B19 /* Sources */ = {
			isa = PBXSourcesBuildPhase;
			buildActionMask = 2147483647;
			files = (
				AACC4CFB26B9D177007E2B19 /* MovieTableViewController.swift in Sources */,
				AACC4CFF26B9DF2D007E2B19 /* DataManager.swift in Sources */,
				AACC4D0526BC4C41007E2B19 /* Movie.swift in Sources */,
				AACC4CE126B84D02007E2B19 /* AppDelegate.swift in Sources */,
				AACC4CE326B84D02007E2B19 /* SceneDelegate.swift in Sources */,
				AACC4CF926B9D164007E2B19 /* MusicTableViewController.swift in Sources */,
				AACC4D0126BA4BE0007E2B19 /* DetailMusicViewController.swift in Sources */,
				AACC4D0326BAC987007E2B19 /* MovieTableViewCell.swift in Sources */,
				AACC4D0926BD493B007E2B19 /* DetailMovieViewController.swift in Sources */,
				AACC4CFD26B9DDDA007E2B19 /* Song.swift in Sources */,
			);
			runOnlyForDeploymentPostprocessing = 0;
		};
/* End PBXSourcesBuildPhase section */

/* Begin PBXVariantGroup section */
		AACC4CE626B84D02007E2B19 /* Main.storyboard */ = {
			isa = PBXVariantGroup;
			children = (
				AACC4CE726B84D02007E2B19 /* Base */,
			);
			name = Main.storyboard;
			sourceTree = "<group>";
		};
		AACC4CEB26B84D06007E2B19 /* LaunchScreen.storyboard */ = {
			isa = PBXVariantGroup;
			children = (
				AACC4CEC26B84D06007E2B19 /* Base */,
			);
			name = LaunchScreen.storyboard;
			sourceTree = "<group>";
		};
/* End PBXVariantGroup section */

/* Begin XCBuildConfiguration section */
		AACC4CEF26B84D06007E2B19 /* Debug */ = {
			isa = XCBuildConfiguration;
			buildSettings = {
				ALWAYS_SEARCH_USER_PATHS = NO;
				CLANG_ANALYZER_NONNULL = YES;
				CLANG_ANALYZER_NUMBER_OBJECT_CONVERSION = YES_AGGRESSIVE;
				CLANG_CXX_LANGUAGE_STANDARD = "gnu++14";
				CLANG_CXX_LIBRARY = "libc++";
				CLANG_ENABLE_MODULES = YES;
				CLANG_ENABLE_OBJC_ARC = YES;
				CLANG_ENABLE_OBJC_WEAK = YES;
				CLANG_WARN_BLOCK_CAPTURE_AUTORELEASING = YES;
				CLANG_WARN_BOOL_CONVERSION = YES;
				CLANG_WARN_COMMA = YES;
				CLANG_WARN_CONSTANT_CONVERSION = YES;
				CLANG_WARN_DEPRECATED_OBJC_IMPLEMENTATIONS = YES;
				CLANG_WARN_DIRECT_OBJC_ISA_USAGE = YES_ERROR;
				CLANG_WARN_DOCUMENTATION_COMMENTS = YES;
				CLANG_WARN_EMPTY_BODY = YES;
				CLANG_WARN_ENUM_CONVERSION = YES;
				CLANG_WARN_INFINITE_RECURSION = YES;
				CLANG_WARN_INT_CONVERSION = YES;
				CLANG_WARN_NON_LITERAL_NULL_CONVERSION = YES;
				CLANG_WARN_OBJC_IMPLICIT_RETAIN_SELF = YES;
				CLANG_WARN_OBJC_LITERAL_CONVERSION = YES;
				CLANG_WARN_OBJC_ROOT_CLASS = YES_ERROR;
				CLANG_WARN_QUOTED_INCLUDE_IN_FRAMEWORK_HEADER = YES;
				CLANG_WARN_RANGE_LOOP_ANALYSIS = YES;
				CLANG_WARN_STRICT_PROTOTYPES = YES;
				CLANG_WARN_SUSPICIOUS_MOVE = YES;
				CLANG_WARN_UNGUARDED_AVAILABILITY = YES_AGGRESSIVE;
				CLANG_WARN_UNREACHABLE_CODE = YES;
				CLANG_WARN__DUPLICATE_METHOD_MATCH = YES;
				COPY_PHASE_STRIP = NO;
				DEBUG_INFORMATION_FORMAT = dwarf;
				ENABLE_STRICT_OBJC_MSGSEND = YES;
				ENABLE_TESTABILITY = YES;
				GCC_C_LANGUAGE_STANDARD = gnu11;
				GCC_DYNAMIC_NO_PIC = NO;
				GCC_NO_COMMON_BLOCKS = YES;
				GCC_OPTIMIZATION_LEVEL = 0;
				GCC_PREPROCESSOR_DEFINITIONS = (
					"DEBUG=1",
					"$(inherited)",
				);
				GCC_WARN_64_TO_32_BIT_CONVERSION = YES;
				GCC_WARN_ABOUT_RETURN_TYPE = YES_ERROR;
				GCC_WARN_UNDECLARED_SELECTOR = YES;
				GCC_WARN_UNINITIALIZED_AUTOS = YES_AGGRESSIVE;
				GCC_WARN_UNUSED_FUNCTION = YES;
				GCC_WARN_UNUSED_VARIABLE = YES;
				IPHONEOS_DEPLOYMENT_TARGET = 14.5;
				MTL_ENABLE_DEBUG_INFO = INCLUDE_SOURCE;
				MTL_FAST_MATH = YES;
				ONLY_ACTIVE_ARCH = YES;
				SDKROOT = iphoneos;
				SWIFT_ACTIVE_COMPILATION_CONDITIONS = DEBUG;
				SWIFT_OPTIMIZATION_LEVEL = "-Onone";
			};
			name = Debug;
		};
		AACC4CF026B84D06007E2B19 /* Release */ = {
			isa = XCBuildConfiguration;
			buildSettings = {
				ALWAYS_SEARCH_USER_PATHS = NO;
				CLANG_ANALYZER_NONNULL = YES;
				CLANG_ANALYZER_NUMBER_OBJECT_CONVERSION = YES_AGGRESSIVE;
				CLANG_CXX_LANGUAGE_STANDARD = "gnu++14";
				CLANG_CXX_LIBRARY = "libc++";
				CLANG_ENABLE_MODULES = YES;
				CLANG_ENABLE_OBJC_ARC = YES;
				CLANG_ENABLE_OBJC_WEAK = YES;
				CLANG_WARN_BLOCK_CAPTURE_AUTORELEASING = YES;
				CLANG_WARN_BOOL_CONVERSION = YES;
				CLANG_WARN_COMMA = YES;
				CLANG_WARN_CONSTANT_CONVERSION = YES;
				CLANG_WARN_DEPRECATED_OBJC_IMPLEMENTATIONS = YES;
				CLANG_WARN_DIRECT_OBJC_ISA_USAGE = YES_ERROR;
				CLANG_WARN_DOCUMENTATION_COMMENTS = YES;
				CLANG_WARN_EMPTY_BODY = YES;
				CLANG_WARN_ENUM_CONVERSION = YES;
				CLANG_WARN_INFINITE_RECURSION = YES;
				CLANG_WARN_INT_CONVERSION = YES;
				CLANG_WARN_NON_LITERAL_NULL_CONVERSION = YES;
				CLANG_WARN_OBJC_IMPLICIT_RETAIN_SELF = YES;
				CLANG_WARN_OBJC_LITERAL_CONVERSION = YES;
				CLANG_WARN_OBJC_ROOT_CLASS = YES_ERROR;
				CLANG_WARN_QUOTED_INCLUDE_IN_FRAMEWORK_HEADER = YES;
				CLANG_WARN_RANGE_LOOP_ANALYSIS = YES;
				CLANG_WARN_STRICT_PROTOTYPES = YES;
				CLANG_WARN_SUSPICIOUS_MOVE = YES;
				CLANG_WARN_UNGUARDED_AVAILABILITY = YES_AGGRESSIVE;
				CLANG_WARN_UNREACHABLE_CODE = YES;
				CLANG_WARN__DUPLICATE_METHOD_MATCH = YES;
				COPY_PHASE_STRIP = NO;
				DEBUG_INFORMATION_FORMAT = "dwarf-with-dsym";
				ENABLE_NS_ASSERTIONS = NO;
				ENABLE_STRICT_OBJC_MSGSEND = YES;
				GCC_C_LANGUAGE_STANDARD = gnu11;
				GCC_NO_COMMON_BLOCKS = YES;
				GCC_WARN_64_TO_32_BIT_CONVERSION = YES;
				GCC_WARN_ABOUT_RETURN_TYPE = YES_ERROR;
				GCC_WARN_UNDECLARED_SELECTOR = YES;
				GCC_WARN_UNINITIALIZED_AUTOS = YES_AGGRESSIVE;
				GCC_WARN_UNUSED_FUNCTION = YES;
				GCC_WARN_UNUSED_VARIABLE = YES;
				IPHONEOS_DEPLOYMENT_TARGET = 14.5;
				MTL_ENABLE_DEBUG_INFO = NO;
				MTL_FAST_MATH = YES;
				SDKROOT = iphoneos;
				SWIFT_COMPILATION_MODE = wholemodule;
				SWIFT_OPTIMIZATION_LEVEL = "-O";
				VALIDATE_PRODUCT = YES;
			};
			name = Release;
		};
		AACC4CF226B84D06007E2B19 /* Debug */ = {
			isa = XCBuildConfiguration;
			buildSettings = {
				ASSETCATALOG_COMPILER_APPICON_NAME = AppIcon;
				ASSETCATALOG_COMPILER_GLOBAL_ACCENT_COLOR_NAME = AccentColor;
				CODE_SIGN_STYLE = Automatic;
				DEVELOPMENT_TEAM = P4BV5B3AZ4;
				INFOPLIST_FILE = TableList/Info.plist;
				LD_RUNPATH_SEARCH_PATHS = (
					"$(inherited)",
					"@executable_path/Frameworks",
				);
				PRODUCT_BUNDLE_IDENTIFIER = BootCamp.TableList;
				PRODUCT_NAME = "$(TARGET_NAME)";
				SWIFT_VERSION = 5.0;
				TARGETED_DEVICE_FAMILY = "1,2";
			};
			name = Debug;
		};
		AACC4CF326B84D06007E2B19 /* Release */ = {
			isa = XCBuildConfiguration;
			buildSettings = {
				ASSETCATALOG_COMPILER_APPICON_NAME = AppIcon;
				ASSETCATALOG_COMPILER_GLOBAL_ACCENT_COLOR_NAME = AccentColor;
				CODE_SIGN_STYLE = Automatic;
				DEVELOPMENT_TEAM = P4BV5B3AZ4;
				INFOPLIST_FILE = TableList/Info.plist;
				LD_RUNPATH_SEARCH_PATHS = (
					"$(inherited)",
					"@executable_path/Frameworks",
				);
				PRODUCT_BUNDLE_IDENTIFIER = BootCamp.TableList;
				PRODUCT_NAME = "$(TARGET_NAME)";
				SWIFT_VERSION = 5.0;
				TARGETED_DEVICE_FAMILY = "1,2";
			};
			name = Release;
		};
/* End XCBuildConfiguration section */

/* Begin XCConfigurationList section */
		AACC4CD826B84D02007E2B19 /* Build configuration list for PBXProject "TableList" */ = {
			isa = XCConfigurationList;
			buildConfigurations = (
				AACC4CEF26B84D06007E2B19 /* Debug */,
				AACC4CF026B84D06007E2B19 /* Release */,
			);
			defaultConfigurationIsVisible = 0;
			defaultConfigurationName = Release;
		};
		AACC4CF126B84D06007E2B19 /* Build configuration list for PBXNativeTarget "TableList" */ = {
			isa = XCConfigurationList;
			buildConfigurations = (
				AACC4CF226B84D06007E2B19 /* Debug */,
				AACC4CF326B84D06007E2B19 /* Release */,
			);
			defaultConfigurationIsVisible = 0;
			defaultConfigurationName = Release;
		};
/* End XCConfigurationList section */
	};
	rootObject = AACC4CD526B84D02007E2B19 /* Project object */;
}
